// !$*UTF8*$!
{
	archiveVersion = 1;
	classes = {
	};
	objectVersion = 52;
	objects = {

/* Begin PBXBuildFile section */
		0180B1B41AAD673E97B3747B /* Pods_Weather_OpenWeather_Weather_OpenWeatherUITests.framework in Frameworks */ = {isa = PBXBuildFile; fileRef = 3D0A4ACF5708787BC414CD62 /* Pods_Weather_OpenWeather_Weather_OpenWeatherUITests.framework */; };
		93729E9C252889610078478A /* AppDelegate.swift in Sources */ = {isa = PBXBuildFile; fileRef = 93729E9B252889610078478A /* AppDelegate.swift */; };
		93729E9E252889610078478A /* SceneDelegate.swift in Sources */ = {isa = PBXBuildFile; fileRef = 93729E9D252889610078478A /* SceneDelegate.swift */; };
		93729EA3252889610078478A /* Main.storyboard in Resources */ = {isa = PBXBuildFile; fileRef = 93729EA1252889610078478A /* Main.storyboard */; };
		93729EA6252889610078478A /* Weather_OpenWeather.xcdatamodeld in Sources */ = {isa = PBXBuildFile; fileRef = 93729EA4252889610078478A /* Weather_OpenWeather.xcdatamodeld */; };
		93729EA8252889640078478A /* Assets.xcassets in Resources */ = {isa = PBXBuildFile; fileRef = 93729EA7252889640078478A /* Assets.xcassets */; };
		93729EAB252889640078478A /* LaunchScreen.storyboard in Resources */ = {isa = PBXBuildFile; fileRef = 93729EA9252889640078478A /* LaunchScreen.storyboard */; };
		93729EC1252889640078478A /* Weather_OpenWeatherUITests.swift in Sources */ = {isa = PBXBuildFile; fileRef = 93729EC0252889640078478A /* Weather_OpenWeatherUITests.swift */; };
		9389EF1D2533B4F600495900 /* CityEntity+CoreDataClass.swift in Sources */ = {isa = PBXBuildFile; fileRef = 9389EF192533B4F600495900 /* CityEntity+CoreDataClass.swift */; };
		9389EF1E2533B4F600495900 /* CityEntity+CoreDataProperties.swift in Sources */ = {isa = PBXBuildFile; fileRef = 9389EF1A2533B4F600495900 /* CityEntity+CoreDataProperties.swift */; };
		9389EF1F2533B4F600495900 /* SettingEntity+CoreDataClass.swift in Sources */ = {isa = PBXBuildFile; fileRef = 9389EF1B2533B4F600495900 /* SettingEntity+CoreDataClass.swift */; };
		9389EF202533B4F600495900 /* SettingEntity+CoreDataProperties.swift in Sources */ = {isa = PBXBuildFile; fileRef = 9389EF1C2533B4F600495900 /* SettingEntity+CoreDataProperties.swift */; };
		9389EF232533B95500495900 /* WeatherInteractorTests.swift in Sources */ = {isa = PBXBuildFile; fileRef = 9389EF222533B95500495900 /* WeatherInteractorTests.swift */; };
		93C11D4C2533CBEE00EBE377 /* cityAll.json in Resources */ = {isa = PBXBuildFile; fileRef = 93C11D4B2533CBEE00EBE377 /* cityAll.json */; };
		93C11D4E2533CCCB00EBE377 /* city.list.min.json in Resources */ = {isa = PBXBuildFile; fileRef = 93C11D4D2533CCCB00EBE377 /* city.list.min.json */; };
		93CDD11F252E2C4F00029122 /* WeatherApi.swift in Sources */ = {isa = PBXBuildFile; fileRef = 93CDD11E252E2C4F00029122 /* WeatherApi.swift */; };
		93CDD127252E344500029122 /* t3.json in Resources */ = {isa = PBXBuildFile; fileRef = 93CDD123252E331A00029122 /* t3.json */; };
		93CDD129252E346E00029122 /* t2.json in Resources */ = {isa = PBXBuildFile; fileRef = 93CDD128252E346E00029122 /* t2.json */; };
		93CDD12A252E34A300029122 /* t2.json in Resources */ = {isa = PBXBuildFile; fileRef = 93CDD128252E346E00029122 /* t2.json */; };
		93CDD13A252E35A400029122 /* WeatherApiTests.swift in Sources */ = {isa = PBXBuildFile; fileRef = 93CDD139252E35A400029122 /* WeatherApiTests.swift */; };
		93CDD13C252E3E0600029122 /* WeatherLocationManager.swift in Sources */ = {isa = PBXBuildFile; fileRef = 93CDD13B252E3E0600029122 /* WeatherLocationManager.swift */; };
		93E70D59252B628D00687AB6 /* WeatherFolders.swift in Sources */ = {isa = PBXBuildFile; fileRef = 93E70D51252B628D00687AB6 /* WeatherFolders.swift */; };
		93E70D5A252B628D00687AB6 /* WeatherPresenter.swift in Sources */ = {isa = PBXBuildFile; fileRef = 93E70D52252B628D00687AB6 /* WeatherPresenter.swift */; };
		93E70D5B252B628D00687AB6 /* WeatherRouter.swift in Sources */ = {isa = PBXBuildFile; fileRef = 93E70D53252B628D00687AB6 /* WeatherRouter.swift */; };
		93E70D5C252B628D00687AB6 /* WeatherModels.swift in Sources */ = {isa = PBXBuildFile; fileRef = 93E70D54252B628D00687AB6 /* WeatherModels.swift */; };
		93E70D5D252B628D00687AB6 /* WeatherViewController.swift in Sources */ = {isa = PBXBuildFile; fileRef = 93E70D55252B628D00687AB6 /* WeatherViewController.swift */; };
		93E70D5E252B628D00687AB6 /* WeatherInteractor.swift in Sources */ = {isa = PBXBuildFile; fileRef = 93E70D56252B628D00687AB6 /* WeatherInteractor.swift */; };
		93E70D5F252B628D00687AB6 /* Weather.swift in Sources */ = {isa = PBXBuildFile; fileRef = 93E70D57252B628D00687AB6 /* Weather.swift */; };
		93E70D66252B6B7400687AB6 /* test.json in Resources */ = {isa = PBXBuildFile; fileRef = 93E70D65252B6B7400687AB6 /* test.json */; };
		93E70D68252B6C9A00687AB6 /* WeatherWorker.swift in Sources */ = {isa = PBXBuildFile; fileRef = 93E70D67252B6C9A00687AB6 /* WeatherWorker.swift */; };
		93E70D6A252B73F100687AB6 /* WeatherCoreData.swift in Sources */ = {isa = PBXBuildFile; fileRef = 93E70D69252B73F100687AB6 /* WeatherCoreData.swift */; };
		93E70D6E252B753500687AB6 /* WeatherCoreDataTests.swift in Sources */ = {isa = PBXBuildFile; fileRef = 93E70D6D252B753500687AB6 /* WeatherCoreDataTests.swift */; platformFilter = ios; };
		93E70D70252B7C1C00687AB6 /* Seeds.swift in Sources */ = {isa = PBXBuildFile; fileRef = 93E70D6F252B7C1C00687AB6 /* Seeds.swift */; platformFilter = ios; };
		93E70D72252B7DCC00687AB6 /* CityCodable.swift in Sources */ = {isa = PBXBuildFile; fileRef = 93E70D71252B7DCC00687AB6 /* CityCodable.swift */; };
		B6E499BE00473A2D4D74B0E3 /* Pods_Weather_OpenWeather.framework in Frameworks */ = {isa = PBXBuildFile; fileRef = 0007BE124688EE2BA7DA914D /* Pods_Weather_OpenWeather.framework */; };
		F8087BEEC54F9A399572C30D /* Pods_Weather_OpenWeatherTests.framework in Frameworks */ = {isa = PBXBuildFile; fileRef = 94C12AD31C50F65178CA3934 /* Pods_Weather_OpenWeatherTests.framework */; };
/* End PBXBuildFile section */

/* Begin PBXContainerItemProxy section */
		93729EB2252889640078478A /* PBXContainerItemProxy */ = {
			isa = PBXContainerItemProxy;
			containerPortal = 93729E90252889610078478A /* Project object */;
			proxyType = 1;
			remoteGlobalIDString = 93729E97252889610078478A;
			remoteInfo = "Weather-OpenWeather";
		};
		93729EBD252889640078478A /* PBXContainerItemProxy */ = {
			isa = PBXContainerItemProxy;
			containerPortal = 93729E90252889610078478A /* Project object */;
			proxyType = 1;
			remoteGlobalIDString = 93729E97252889610078478A;
			remoteInfo = "Weather-OpenWeather";
		};
/* End PBXContainerItemProxy section */

/* Begin PBXFileReference section */
		0007BE124688EE2BA7DA914D /* Pods_Weather_OpenWeather.framework */ = {isa = PBXFileReference; explicitFileType = wrapper.framework; includeInIndex = 0; path = Pods_Weather_OpenWeather.framework; sourceTree = BUILT_PRODUCTS_DIR; };
		3D0A4ACF5708787BC414CD62 /* Pods_Weather_OpenWeather_Weather_OpenWeatherUITests.framework */ = {isa = PBXFileReference; explicitFileType = wrapper.framework; includeInIndex = 0; path = Pods_Weather_OpenWeather_Weather_OpenWeatherUITests.framework; sourceTree = BUILT_PRODUCTS_DIR; };
		3D47C55E1350FB147C330B39 /* Pods-Weather-OpenWeatherTests.debug.xcconfig */ = {isa = PBXFileReference; includeInIndex = 1; lastKnownFileType = text.xcconfig; name = "Pods-Weather-OpenWeatherTests.debug.xcconfig"; path = "Target Support Files/Pods-Weather-OpenWeatherTests/Pods-Weather-OpenWeatherTests.debug.xcconfig"; sourceTree = "<group>"; };
		498AFFBEF68C1CDE6969C923 /* Pods-Weather-OpenWeather-Weather-OpenWeatherUITests.debug.xcconfig */ = {isa = PBXFileReference; includeInIndex = 1; lastKnownFileType = text.xcconfig; name = "Pods-Weather-OpenWeather-Weather-OpenWeatherUITests.debug.xcconfig"; path = "Target Support Files/Pods-Weather-OpenWeather-Weather-OpenWeatherUITests/Pods-Weather-OpenWeather-Weather-OpenWeatherUITests.debug.xcconfig"; sourceTree = "<group>"; };
		8651DBDB610EAC13475745AF /* Pods-Weather-OpenWeatherTests.release.xcconfig */ = {isa = PBXFileReference; includeInIndex = 1; lastKnownFileType = text.xcconfig; name = "Pods-Weather-OpenWeatherTests.release.xcconfig"; path = "Target Support Files/Pods-Weather-OpenWeatherTests/Pods-Weather-OpenWeatherTests.release.xcconfig"; sourceTree = "<group>"; };
		93729E98252889610078478A /* Weather-OpenWeather.app */ = {isa = PBXFileReference; explicitFileType = wrapper.application; includeInIndex = 0; path = "Weather-OpenWeather.app"; sourceTree = BUILT_PRODUCTS_DIR; };
		93729E9B252889610078478A /* AppDelegate.swift */ = {isa = PBXFileReference; lastKnownFileType = sourcecode.swift; path = AppDelegate.swift; sourceTree = "<group>"; };
		93729E9D252889610078478A /* SceneDelegate.swift */ = {isa = PBXFileReference; lastKnownFileType = sourcecode.swift; path = SceneDelegate.swift; sourceTree = "<group>"; };
		93729EA2252889610078478A /* Base */ = {isa = PBXFileReference; lastKnownFileType = file.storyboard; name = Base; path = Base.lproj/Main.storyboard; sourceTree = "<group>"; };
		93729EA5252889610078478A /* Weather_OpenWeather.xcdatamodel */ = {isa = PBXFileReference; lastKnownFileType = wrapper.xcdatamodel; path = Weather_OpenWeather.xcdatamodel; sourceTree = "<group>"; };
		93729EA7252889640078478A /* Assets.xcassets */ = {isa = PBXFileReference; lastKnownFileType = folder.assetcatalog; path = Assets.xcassets; sourceTree = "<group>"; };
		93729EAA252889640078478A /* Base */ = {isa = PBXFileReference; lastKnownFileType = file.storyboard; name = Base; path = Base.lproj/LaunchScreen.storyboard; sourceTree = "<group>"; };
		93729EAC252889640078478A /* Info.plist */ = {isa = PBXFileReference; lastKnownFileType = text.plist.xml; path = Info.plist; sourceTree = "<group>"; };
		93729EB1252889640078478A /* Weather-OpenWeatherTests.xctest */ = {isa = PBXFileReference; explicitFileType = wrapper.cfbundle; includeInIndex = 0; path = "Weather-OpenWeatherTests.xctest"; sourceTree = BUILT_PRODUCTS_DIR; };
		93729EB7252889640078478A /* Info.plist */ = {isa = PBXFileReference; lastKnownFileType = text.plist.xml; path = Info.plist; sourceTree = "<group>"; };
		93729EBC252889640078478A /* Weather-OpenWeatherUITests.xctest */ = {isa = PBXFileReference; explicitFileType = wrapper.cfbundle; includeInIndex = 0; path = "Weather-OpenWeatherUITests.xctest"; sourceTree = BUILT_PRODUCTS_DIR; };
		93729EC0252889640078478A /* Weather_OpenWeatherUITests.swift */ = {isa = PBXFileReference; lastKnownFileType = sourcecode.swift; path = Weather_OpenWeatherUITests.swift; sourceTree = "<group>"; };
		93729EC2252889640078478A /* Info.plist */ = {isa = PBXFileReference; lastKnownFileType = text.plist.xml; path = Info.plist; sourceTree = "<group>"; };
		9389EF192533B4F600495900 /* CityEntity+CoreDataClass.swift */ = {isa = PBXFileReference; lastKnownFileType = sourcecode.swift; path = "CityEntity+CoreDataClass.swift"; sourceTree = SOURCE_ROOT; };
		9389EF1A2533B4F600495900 /* CityEntity+CoreDataProperties.swift */ = {isa = PBXFileReference; lastKnownFileType = sourcecode.swift; path = "CityEntity+CoreDataProperties.swift"; sourceTree = SOURCE_ROOT; };
		9389EF1B2533B4F600495900 /* SettingEntity+CoreDataClass.swift */ = {isa = PBXFileReference; lastKnownFileType = sourcecode.swift; path = "SettingEntity+CoreDataClass.swift"; sourceTree = SOURCE_ROOT; };
		9389EF1C2533B4F600495900 /* SettingEntity+CoreDataProperties.swift */ = {isa = PBXFileReference; lastKnownFileType = sourcecode.swift; path = "SettingEntity+CoreDataProperties.swift"; sourceTree = SOURCE_ROOT; };
		9389EF222533B95500495900 /* WeatherInteractorTests.swift */ = {isa = PBXFileReference; lastKnownFileType = sourcecode.swift; path = WeatherInteractorTests.swift; sourceTree = "<group>"; };
		93C11D4B2533CBEE00EBE377 /* cityAll.json */ = {isa = PBXFileReference; fileEncoding = 4; lastKnownFileType = text.json; path = cityAll.json; sourceTree = "<group>"; };
		93C11D4D2533CCCB00EBE377 /* city.list.min.json */ = {isa = PBXFileReference; fileEncoding = 4; lastKnownFileType = text.json; path = city.list.min.json; sourceTree = "<group>"; };
		93CDD11E252E2C4F00029122 /* WeatherApi.swift */ = {isa = PBXFileReference; lastKnownFileType = sourcecode.swift; path = WeatherApi.swift; sourceTree = "<group>"; };
		93CDD123252E331A00029122 /* t3.json */ = {isa = PBXFileReference; lastKnownFileType = text.json; path = t3.json; sourceTree = "<group>"; };
		93CDD128252E346E00029122 /* t2.json */ = {isa = PBXFileReference; lastKnownFileType = text.json; path = t2.json; sourceTree = "<group>"; };
		93CDD139252E35A400029122 /* WeatherApiTests.swift */ = {isa = PBXFileReference; lastKnownFileType = sourcecode.swift; path = WeatherApiTests.swift; sourceTree = "<group>"; };
		93CDD13B252E3E0600029122 /* WeatherLocationManager.swift */ = {isa = PBXFileReference; lastKnownFileType = sourcecode.swift; path = WeatherLocationManager.swift; sourceTree = "<group>"; };
		93E70D51252B628D00687AB6 /* WeatherFolders.swift */ = {isa = PBXFileReference; lastKnownFileType = sourcecode.swift; path = WeatherFolders.swift; sourceTree = "<group>"; };
		93E70D52252B628D00687AB6 /* WeatherPresenter.swift */ = {isa = PBXFileReference; lastKnownFileType = sourcecode.swift; path = WeatherPresenter.swift; sourceTree = "<group>"; };
		93E70D53252B628D00687AB6 /* WeatherRouter.swift */ = {isa = PBXFileReference; lastKnownFileType = sourcecode.swift; path = WeatherRouter.swift; sourceTree = "<group>"; };
		93E70D54252B628D00687AB6 /* WeatherModels.swift */ = {isa = PBXFileReference; lastKnownFileType = sourcecode.swift; path = WeatherModels.swift; sourceTree = "<group>"; };
		93E70D55252B628D00687AB6 /* WeatherViewController.swift */ = {isa = PBXFileReference; lastKnownFileType = sourcecode.swift; path = WeatherViewController.swift; sourceTree = "<group>"; };
		93E70D56252B628D00687AB6 /* WeatherInteractor.swift */ = {isa = PBXFileReference; lastKnownFileType = sourcecode.swift; path = WeatherInteractor.swift; sourceTree = "<group>"; };
		93E70D57252B628D00687AB6 /* Weather.swift */ = {isa = PBXFileReference; lastKnownFileType = sourcecode.swift; path = Weather.swift; sourceTree = "<group>"; };
		93E70D65252B6B7400687AB6 /* test.json */ = {isa = PBXFileReference; lastKnownFileType = text.json; path = test.json; sourceTree = "<group>"; };
		93E70D67252B6C9A00687AB6 /* WeatherWorker.swift */ = {isa = PBXFileReference; lastKnownFileType = sourcecode.swift; path = WeatherWorker.swift; sourceTree = "<group>"; };
		93E70D69252B73F100687AB6 /* WeatherCoreData.swift */ = {isa = PBXFileReference; lastKnownFileType = sourcecode.swift; path = WeatherCoreData.swift; sourceTree = "<group>"; };
		93E70D6D252B753500687AB6 /* WeatherCoreDataTests.swift */ = {isa = PBXFileReference; lastKnownFileType = sourcecode.swift; name = WeatherCoreDataTests.swift; path = "Weather-OpenWeatherTests/Services/WeatherCoreDataTests.swift"; sourceTree = SOURCE_ROOT; };
		93E70D6F252B7C1C00687AB6 /* Seeds.swift */ = {isa = PBXFileReference; lastKnownFileType = sourcecode.swift; path = Seeds.swift; sourceTree = "<group>"; };
		93E70D71252B7DCC00687AB6 /* CityCodable.swift */ = {isa = PBXFileReference; lastKnownFileType = sourcecode.swift; path = CityCodable.swift; sourceTree = "<group>"; };
		94C12AD31C50F65178CA3934 /* Pods_Weather_OpenWeatherTests.framework */ = {isa = PBXFileReference; explicitFileType = wrapper.framework; includeInIndex = 0; path = Pods_Weather_OpenWeatherTests.framework; sourceTree = BUILT_PRODUCTS_DIR; };
		9E7EFC6C4C25B5D0FF789079 /* Pods-Weather-OpenWeather-Weather-OpenWeatherUITests.release.xcconfig */ = {isa = PBXFileReference; includeInIndex = 1; lastKnownFileType = text.xcconfig; name = "Pods-Weather-OpenWeather-Weather-OpenWeatherUITests.release.xcconfig"; path = "Target Support Files/Pods-Weather-OpenWeather-Weather-OpenWeatherUITests/Pods-Weather-OpenWeather-Weather-OpenWeatherUITests.release.xcconfig"; sourceTree = "<group>"; };
		B567796FF08F62ED0C55FE68 /* Pods-Weather-OpenWeather.debug.xcconfig */ = {isa = PBXFileReference; includeInIndex = 1; lastKnownFileType = text.xcconfig; name = "Pods-Weather-OpenWeather.debug.xcconfig"; path = "Target Support Files/Pods-Weather-OpenWeather/Pods-Weather-OpenWeather.debug.xcconfig"; sourceTree = "<group>"; };
		E4123994902F45E29BC948A1 /* Pods-Weather-OpenWeather.release.xcconfig */ = {isa = PBXFileReference; includeInIndex = 1; lastKnownFileType = text.xcconfig; name = "Pods-Weather-OpenWeather.release.xcconfig"; path = "Target Support Files/Pods-Weather-OpenWeather/Pods-Weather-OpenWeather.release.xcconfig"; sourceTree = "<group>"; };
/* End PBXFileReference section */

/* Begin PBXFrameworksBuildPhase section */
		93729E95252889610078478A /* Frameworks */ = {
			isa = PBXFrameworksBuildPhase;
			buildActionMask = 2147483647;
			files = (
				B6E499BE00473A2D4D74B0E3 /* Pods_Weather_OpenWeather.framework in Frameworks */,
			);
			runOnlyForDeploymentPostprocessing = 0;
		};
		93729EAE252889640078478A /* Frameworks */ = {
			isa = PBXFrameworksBuildPhase;
			buildActionMask = 2147483647;
			files = (
				F8087BEEC54F9A399572C30D /* Pods_Weather_OpenWeatherTests.framework in Frameworks */,
			);
			runOnlyForDeploymentPostprocessing = 0;
		};
		93729EB9252889640078478A /* Frameworks */ = {
			isa = PBXFrameworksBuildPhase;
			buildActionMask = 2147483647;
			files = (
				0180B1B41AAD673E97B3747B /* Pods_Weather_OpenWeather_Weather_OpenWeatherUITests.framework in Frameworks */,
			);
			runOnlyForDeploymentPostprocessing = 0;
		};
/* End PBXFrameworksBuildPhase section */

/* Begin PBXGroup section */
		1B266BE54F1DF6BE4C76EBE1 /* Pods */ = {
			isa = PBXGroup;
			children = (
				B567796FF08F62ED0C55FE68 /* Pods-Weather-OpenWeather.debug.xcconfig */,
				E4123994902F45E29BC948A1 /* Pods-Weather-OpenWeather.release.xcconfig */,
				498AFFBEF68C1CDE6969C923 /* Pods-Weather-OpenWeather-Weather-OpenWeatherUITests.debug.xcconfig */,
				9E7EFC6C4C25B5D0FF789079 /* Pods-Weather-OpenWeather-Weather-OpenWeatherUITests.release.xcconfig */,
				3D47C55E1350FB147C330B39 /* Pods-Weather-OpenWeatherTests.debug.xcconfig */,
				8651DBDB610EAC13475745AF /* Pods-Weather-OpenWeatherTests.release.xcconfig */,
			);
			path = Pods;
			sourceTree = "<group>";
		};
		30EBCDE8F2BA2B0CB15255C4 /* Frameworks */ = {
			isa = PBXGroup;
			children = (
				0007BE124688EE2BA7DA914D /* Pods_Weather_OpenWeather.framework */,
				3D0A4ACF5708787BC414CD62 /* Pods_Weather_OpenWeather_Weather_OpenWeatherUITests.framework */,
				94C12AD31C50F65178CA3934 /* Pods_Weather_OpenWeatherTests.framework */,
			);
			name = Frameworks;
			sourceTree = "<group>";
		};
		93404468252C7A0E00958B26 /* CoreData */ = {
			isa = PBXGroup;
			children = (
				9389EF192533B4F600495900 /* CityEntity+CoreDataClass.swift */,
				9389EF1A2533B4F600495900 /* CityEntity+CoreDataProperties.swift */,
				9389EF1B2533B4F600495900 /* SettingEntity+CoreDataClass.swift */,
				9389EF1C2533B4F600495900 /* SettingEntity+CoreDataProperties.swift */,
			);
			name = CoreData;
			sourceTree = "<group>";
		};
		93729E8F252889610078478A = {
			isa = PBXGroup;
			children = (
				93729E9A252889610078478A /* Weather-OpenWeather */,
				93729EB4252889640078478A /* Weather-OpenWeatherTests */,
				93729EBF252889640078478A /* Weather-OpenWeatherUITests */,
				93729E99252889610078478A /* Products */,
				1B266BE54F1DF6BE4C76EBE1 /* Pods */,
				30EBCDE8F2BA2B0CB15255C4 /* Frameworks */,
			);
			sourceTree = "<group>";
		};
		93729E99252889610078478A /* Products */ = {
			isa = PBXGroup;
			children = (
				93729E98252889610078478A /* Weather-OpenWeather.app */,
				93729EB1252889640078478A /* Weather-OpenWeatherTests.xctest */,
				93729EBC252889640078478A /* Weather-OpenWeatherUITests.xctest */,
			);
			name = Products;
			sourceTree = "<group>";
		};
		93729E9A252889610078478A /* Weather-OpenWeather */ = {
			isa = PBXGroup;
			children = (
				93E70D61252B632100687AB6 /* Scenes */,
				93E70D62252B633B00687AB6 /* Model Entity */,
				93E70D63252B634500687AB6 /* Workers */,
				93E70D64252B634E00687AB6 /* Services */,
				93E70D4F252B625E00687AB6 /* OtherFiles */,
			);
			path = "Weather-OpenWeather";
			sourceTree = "<group>";
		};
		93729EB4252889640078478A /* Weather-OpenWeatherTests */ = {
			isa = PBXGroup;
			children = (
				9389EF212533B91600495900 /* Scenes */,
				93E70D6B252B74EE00687AB6 /* Services */,
				93729EB7252889640078478A /* Info.plist */,
				93E70D6F252B7C1C00687AB6 /* Seeds.swift */,
			);
			path = "Weather-OpenWeatherTests";
			sourceTree = "<group>";
		};
		93729EBF252889640078478A /* Weather-OpenWeatherUITests */ = {
			isa = PBXGroup;
			children = (
				93729EC0252889640078478A /* Weather_OpenWeatherUITests.swift */,
				93729EC2252889640078478A /* Info.plist */,
			);
			path = "Weather-OpenWeatherUITests";
			sourceTree = "<group>";
		};
		9389EF212533B91600495900 /* Scenes */ = {
			isa = PBXGroup;
			children = (
				9389EF222533B95500495900 /* WeatherInteractorTests.swift */,
			);
			path = Scenes;
			sourceTree = "<group>";
		};
		93E70D4F252B625E00687AB6 /* OtherFiles */ = {
			isa = PBXGroup;
			children = (
				93C11D4D2533CCCB00EBE377 /* city.list.min.json */,
				93C11D4B2533CBEE00EBE377 /* cityAll.json */,
				93729E9B252889610078478A /* AppDelegate.swift */,
				93729E9D252889610078478A /* SceneDelegate.swift */,
				93729EA1252889610078478A /* Main.storyboard */,
				93729EA7252889640078478A /* Assets.xcassets */,
				93729EA9252889640078478A /* LaunchScreen.storyboard */,
				93729EAC252889640078478A /* Info.plist */,
				93729EA4252889610078478A /* Weather_OpenWeather.xcdatamodeld */,
				93E70D65252B6B7400687AB6 /* test.json */,
			);
			name = OtherFiles;
			sourceTree = "<group>";
		};
		93E70D50252B627700687AB6 /* Weather */ = {
			isa = PBXGroup;
			children = (
				93E70D51252B628D00687AB6 /* WeatherFolders.swift */,
				93E70D55252B628D00687AB6 /* WeatherViewController.swift */,
				93E70D56252B628D00687AB6 /* WeatherInteractor.swift */,
				93E70D52252B628D00687AB6 /* WeatherPresenter.swift */,
				93E70D53252B628D00687AB6 /* WeatherRouter.swift */,
				93E70D54252B628D00687AB6 /* WeatherModels.swift */,
			);
			path = Weather;
			sourceTree = "<group>";
		};
		93E70D61252B632100687AB6 /* Scenes */ = {
			isa = PBXGroup;
			children = (
				93E70D50252B627700687AB6 /* Weather */,
			);
			path = Scenes;
			sourceTree = "<group>";
		};
		93E70D62252B633B00687AB6 /* Model Entity */ = {
			isa = PBXGroup;
			children = (
				93404468252C7A0E00958B26 /* CoreData */,
				93E70D71252B7DCC00687AB6 /* CityCodable.swift */,
				93E70D57252B628D00687AB6 /* Weather.swift */,
			);
			path = "Model Entity";
			sourceTree = "<group>";
		};
		93E70D63252B634500687AB6 /* Workers */ = {
			isa = PBXGroup;
			children = (
				93E70D67252B6C9A00687AB6 /* WeatherWorker.swift */,
			);
			path = Workers;
			sourceTree = "<group>";
		};
		93E70D64252B634E00687AB6 /* Services */ = {
			isa = PBXGroup;
			children = (
				93E70D69252B73F100687AB6 /* WeatherCoreData.swift */,
				93CDD11E252E2C4F00029122 /* WeatherApi.swift */,
				93CDD13B252E3E0600029122 /* WeatherLocationManager.swift */,
			);
			path = Services;
			sourceTree = "<group>";
		};
		93E70D6B252B74EE00687AB6 /* Services */ = {
			isa = PBXGroup;
			children = (
				93E70D6D252B753500687AB6 /* WeatherCoreDataTests.swift */,
				93CDD139252E35A400029122 /* WeatherApiTests.swift */,
				93CDD123252E331A00029122 /* t3.json */,
				93CDD128252E346E00029122 /* t2.json */,
			);
			path = Services;
			sourceTree = "<group>";
		};
/* End PBXGroup section */

/* Begin PBXNativeTarget section */
		93729E97252889610078478A /* Weather-OpenWeather */ = {
			isa = PBXNativeTarget;
			buildConfigurationList = 93729EC5252889640078478A /* Build configuration list for PBXNativeTarget "Weather-OpenWeather" */;
			buildPhases = (
				E2C4465AB6676B60DDA8975C /* [CP] Check Pods Manifest.lock */,
				93729E94252889610078478A /* Sources */,
				93729E95252889610078478A /* Frameworks */,
				93729E96252889610078478A /* Resources */,
				3F6C2B1AE4ED364EC44AE0A7 /* [CP] Embed Pods Frameworks */,
			);
			buildRules = (
			);
			dependencies = (
			);
			name = "Weather-OpenWeather";
			productName = "Weather-OpenWeather";
			productReference = 93729E98252889610078478A /* Weather-OpenWeather.app */;
			productType = "com.apple.product-type.application";
		};
		93729EB0252889640078478A /* Weather-OpenWeatherTests */ = {
			isa = PBXNativeTarget;
			buildConfigurationList = 93729EC8252889640078478A /* Build configuration list for PBXNativeTarget "Weather-OpenWeatherTests" */;
			buildPhases = (
				15EF7393A1FD76B5635D1546 /* [CP] Check Pods Manifest.lock */,
				93729EAD252889640078478A /* Sources */,
				93729EAE252889640078478A /* Frameworks */,
				93729EAF252889640078478A /* Resources */,
			);
			buildRules = (
			);
			dependencies = (
				93729EB3252889640078478A /* PBXTargetDependency */,
			);
			name = "Weather-OpenWeatherTests";
			productName = "Weather-OpenWeatherTests";
			productReference = 93729EB1252889640078478A /* Weather-OpenWeatherTests.xctest */;
			productType = "com.apple.product-type.bundle.unit-test";
		};
		93729EBB252889640078478A /* Weather-OpenWeatherUITests */ = {
			isa = PBXNativeTarget;
			buildConfigurationList = 93729ECB252889640078478A /* Build configuration list for PBXNativeTarget "Weather-OpenWeatherUITests" */;
			buildPhases = (
				4F65EA6B95CB7AF46409C09B /* [CP] Check Pods Manifest.lock */,
				93729EB8252889640078478A /* Sources */,
				93729EB9252889640078478A /* Frameworks */,
				93729EBA252889640078478A /* Resources */,
				0C74153C24E9A9981F1A1526 /* [CP] Embed Pods Frameworks */,
			);
			buildRules = (
			);
			dependencies = (
				93729EBE252889640078478A /* PBXTargetDependency */,
			);
			name = "Weather-OpenWeatherUITests";
			productName = "Weather-OpenWeatherUITests";
			productReference = 93729EBC252889640078478A /* Weather-OpenWeatherUITests.xctest */;
			productType = "com.apple.product-type.bundle.ui-testing";
		};
/* End PBXNativeTarget section */

/* Begin PBXProject section */
		93729E90252889610078478A /* Project object */ = {
			isa = PBXProject;
			attributes = {
				LastSwiftUpdateCheck = 1160;
				LastUpgradeCheck = 1140;
				ORGANIZATIONNAME = EddyR;
				TargetAttributes = {
					93729E97252889610078478A = {
						CreatedOnToolsVersion = 11.4;
					};
					93729EB0252889640078478A = {
						CreatedOnToolsVersion = 11.4;
						TestTargetID = 93729E97252889610078478A;
					};
					93729EBB252889640078478A = {
						CreatedOnToolsVersion = 11.4;
						TestTargetID = 93729E97252889610078478A;
					};
				};
			};
			buildConfigurationList = 93729E93252889610078478A /* Build configuration list for PBXProject "Weather-OpenWeather" */;
			compatibilityVersion = "Xcode 9.3";
			developmentRegion = en;
			hasScannedForEncodings = 0;
			knownRegions = (
				en,
				Base,
			);
			mainGroup = 93729E8F252889610078478A;
			productRefGroup = 93729E99252889610078478A /* Products */;
			projectDirPath = "";
			projectRoot = "";
			targets = (
				93729E97252889610078478A /* Weather-OpenWeather */,
				93729EB0252889640078478A /* Weather-OpenWeatherTests */,
				93729EBB252889640078478A /* Weather-OpenWeatherUITests */,
			);
		};
/* End PBXProject section */

/* Begin PBXResourcesBuildPhase section */
		93729E96252889610078478A /* Resources */ = {
			isa = PBXResourcesBuildPhase;
			buildActionMask = 2147483647;
			files = (
				93C11D4C2533CBEE00EBE377 /* cityAll.json in Resources */,
				93CDD12A252E34A300029122 /* t2.json in Resources */,
				93CDD127252E344500029122 /* t3.json in Resources */,
				93729EAB252889640078478A /* LaunchScreen.storyboard in Resources */,
				93729EA8252889640078478A /* Assets.xcassets in Resources */,
				93E70D66252B6B7400687AB6 /* test.json in Resources */,
				93729EA3252889610078478A /* Main.storyboard in Resources */,
				93C11D4E2533CCCB00EBE377 /* city.list.min.json in Resources */,
			);
			runOnlyForDeploymentPostprocessing = 0;
		};
		93729EAF252889640078478A /* Resources */ = {
			isa = PBXResourcesBuildPhase;
			buildActionMask = 2147483647;
			files = (
				93CDD129252E346E00029122 /* t2.json in Resources */,
			);
			runOnlyForDeploymentPostprocessing = 0;
		};
		93729EBA252889640078478A /* Resources */ = {
			isa = PBXResourcesBuildPhase;
			buildActionMask = 2147483647;
			files = (
			);
			runOnlyForDeploymentPostprocessing = 0;
		};
/* End PBXResourcesBuildPhase section */

/* Begin PBXShellScriptBuildPhase section */
		0C74153C24E9A9981F1A1526 /* [CP] Embed Pods Frameworks */ = {
			isa = PBXShellScriptBuildPhase;
			buildActionMask = 2147483647;
			files = (
			);
			inputFileListPaths = (
				"${PODS_ROOT}/Target Support Files/Pods-Weather-OpenWeather-Weather-OpenWeatherUITests/Pods-Weather-OpenWeather-Weather-OpenWeatherUITests-frameworks-${CONFIGURATION}-input-files.xcfilelist",
			);
			name = "[CP] Embed Pods Frameworks";
			outputFileListPaths = (
				"${PODS_ROOT}/Target Support Files/Pods-Weather-OpenWeather-Weather-OpenWeatherUITests/Pods-Weather-OpenWeather-Weather-OpenWeatherUITests-frameworks-${CONFIGURATION}-output-files.xcfilelist",
			);
			runOnlyForDeploymentPostprocessing = 0;
			shellPath = /bin/sh;
			shellScript = "\"${PODS_ROOT}/Target Support Files/Pods-Weather-OpenWeather-Weather-OpenWeatherUITests/Pods-Weather-OpenWeather-Weather-OpenWeatherUITests-frameworks.sh\"\n";
			showEnvVarsInLog = 0;
		};
		15EF7393A1FD76B5635D1546 /* [CP] Check Pods Manifest.lock */ = {
			isa = PBXShellScriptBuildPhase;
			buildActionMask = 2147483647;
			files = (
			);
			inputFileListPaths = (
			);
			inputPaths = (
				"${PODS_PODFILE_DIR_PATH}/Podfile.lock",
				"${PODS_ROOT}/Manifest.lock",
			);
			name = "[CP] Check Pods Manifest.lock";
			outputFileListPaths = (
			);
			outputPaths = (
				"$(DERIVED_FILE_DIR)/Pods-Weather-OpenWeatherTests-checkManifestLockResult.txt",
			);
			runOnlyForDeploymentPostprocessing = 0;
			shellPath = /bin/sh;
			shellScript = "diff \"${PODS_PODFILE_DIR_PATH}/Podfile.lock\" \"${PODS_ROOT}/Manifest.lock\" > /dev/null\nif [ $? != 0 ] ; then\n    # print error to STDERR\n    echo \"error: The sandbox is not in sync with the Podfile.lock. Run 'pod install' or update your CocoaPods installation.\" >&2\n    exit 1\nfi\n# This output is used by Xcode 'outputs' to avoid re-running this script phase.\necho \"SUCCESS\" > \"${SCRIPT_OUTPUT_FILE_0}\"\n";
			showEnvVarsInLog = 0;
		};
		3F6C2B1AE4ED364EC44AE0A7 /* [CP] Embed Pods Frameworks */ = {
			isa = PBXShellScriptBuildPhase;
			buildActionMask = 2147483647;
			files = (
			);
			inputFileListPaths = (
				"${PODS_ROOT}/Target Support Files/Pods-Weather-OpenWeather/Pods-Weather-OpenWeather-frameworks-${CONFIGURATION}-input-files.xcfilelist",
			);
			name = "[CP] Embed Pods Frameworks";
			outputFileListPaths = (
				"${PODS_ROOT}/Target Support Files/Pods-Weather-OpenWeather/Pods-Weather-OpenWeather-frameworks-${CONFIGURATION}-output-files.xcfilelist",
			);
			runOnlyForDeploymentPostprocessing = 0;
			shellPath = /bin/sh;
			shellScript = "\"${PODS_ROOT}/Target Support Files/Pods-Weather-OpenWeather/Pods-Weather-OpenWeather-frameworks.sh\"\n";
			showEnvVarsInLog = 0;
		};
		4F65EA6B95CB7AF46409C09B /* [CP] Check Pods Manifest.lock */ = {
			isa = PBXShellScriptBuildPhase;
			buildActionMask = 2147483647;
			files = (
			);
			inputFileListPaths = (
			);
			inputPaths = (
				"${PODS_PODFILE_DIR_PATH}/Podfile.lock",
				"${PODS_ROOT}/Manifest.lock",
			);
			name = "[CP] Check Pods Manifest.lock";
			outputFileListPaths = (
			);
			outputPaths = (
				"$(DERIVED_FILE_DIR)/Pods-Weather-OpenWeather-Weather-OpenWeatherUITests-checkManifestLockResult.txt",
			);
			runOnlyForDeploymentPostprocessing = 0;
			shellPath = /bin/sh;
			shellScript = "diff \"${PODS_PODFILE_DIR_PATH}/Podfile.lock\" \"${PODS_ROOT}/Manifest.lock\" > /dev/null\nif [ $? != 0 ] ; then\n    # print error to STDERR\n    echo \"error: The sandbox is not in sync with the Podfile.lock. Run 'pod install' or update your CocoaPods installation.\" >&2\n    exit 1\nfi\n# This output is used by Xcode 'outputs' to avoid re-running this script phase.\necho \"SUCCESS\" > \"${SCRIPT_OUTPUT_FILE_0}\"\n";
			showEnvVarsInLog = 0;
		};
		E2C4465AB6676B60DDA8975C /* [CP] Check Pods Manifest.lock */ = {
			isa = PBXShellScriptBuildPhase;
			buildActionMask = 2147483647;
			files = (
			);
			inputFileListPaths = (
			);
			inputPaths = (
				"${PODS_PODFILE_DIR_PATH}/Podfile.lock",
				"${PODS_ROOT}/Manifest.lock",
			);
			name = "[CP] Check Pods Manifest.lock";
			outputFileListPaths = (
			);
			outputPaths = (
				"$(DERIVED_FILE_DIR)/Pods-Weather-OpenWeather-checkManifestLockResult.txt",
			);
			runOnlyForDeploymentPostprocessing = 0;
			shellPath = /bin/sh;
			shellScript = "diff \"${PODS_PODFILE_DIR_PATH}/Podfile.lock\" \"${PODS_ROOT}/Manifest.lock\" > /dev/null\nif [ $? != 0 ] ; then\n    # print error to STDERR\n    echo \"error: The sandbox is not in sync with the Podfile.lock. Run 'pod install' or update your CocoaPods installation.\" >&2\n    exit 1\nfi\n# This output is used by Xcode 'outputs' to avoid re-running this script phase.\necho \"SUCCESS\" > \"${SCRIPT_OUTPUT_FILE_0}\"\n";
			showEnvVarsInLog = 0;
		};
/* End PBXShellScriptBuildPhase section */

/* Begin PBXSourcesBuildPhase section */
		93729E94252889610078478A /* Sources */ = {
			isa = PBXSourcesBuildPhase;
			buildActionMask = 2147483647;
			files = (
				93CDD11F252E2C4F00029122 /* WeatherApi.swift in Sources */,
				93E70D5A252B628D00687AB6 /* WeatherPresenter.swift in Sources */,
				9389EF1D2533B4F600495900 /* CityEntity+CoreDataClass.swift in Sources */,
				93E70D68252B6C9A00687AB6 /* WeatherWorker.swift in Sources */,
				93E70D5C252B628D00687AB6 /* WeatherModels.swift in Sources */,
				9389EF1F2533B4F600495900 /* SettingEntity+CoreDataClass.swift in Sources */,
				93729E9C252889610078478A /* AppDelegate.swift in Sources */,
				9389EF1E2533B4F600495900 /* CityEntity+CoreDataProperties.swift in Sources */,
				93729EA6252889610078478A /* Weather_OpenWeather.xcdatamodeld in Sources */,
				93CDD13C252E3E0600029122 /* WeatherLocationManager.swift in Sources */,
				93E70D5F252B628D00687AB6 /* Weather.swift in Sources */,
				93E70D59252B628D00687AB6 /* WeatherFolders.swift in Sources */,
				93E70D5D252B628D00687AB6 /* WeatherViewController.swift in Sources */,
				93729E9E252889610078478A /* SceneDelegate.swift in Sources */,
				93E70D5B252B628D00687AB6 /* WeatherRouter.swift in Sources */,
				93E70D5E252B628D00687AB6 /* WeatherInteractor.swift in Sources */,
				93E70D6A252B73F100687AB6 /* WeatherCoreData.swift in Sources */,
				93E70D72252B7DCC00687AB6 /* CityCodable.swift in Sources */,
				9389EF202533B4F600495900 /* SettingEntity+CoreDataProperties.swift in Sources */,
			);
			runOnlyForDeploymentPostprocessing = 0;
		};
		93729EAD252889640078478A /* Sources */ = {
			isa = PBXSourcesBuildPhase;
			buildActionMask = 2147483647;
			files = (
				93CDD13A252E35A400029122 /* WeatherApiTests.swift in Sources */,
				9389EF232533B95500495900 /* WeatherInteractorTests.swift in Sources */,
				93E70D6E252B753500687AB6 /* WeatherCoreDataTests.swift in Sources */,
				93E70D70252B7C1C00687AB6 /* Seeds.swift in Sources */,
			);
			runOnlyForDeploymentPostprocessing = 0;
		};
		93729EB8252889640078478A /* Sources */ = {
			isa = PBXSourcesBuildPhase;
			buildActionMask = 2147483647;
			files = (
				93729EC1252889640078478A /* Weather_OpenWeatherUITests.swift in Sources */,
			);
			runOnlyForDeploymentPostprocessing = 0;
		};
/* End PBXSourcesBuildPhase section */

/* Begin PBXTargetDependency section */
		93729EB3252889640078478A /* PBXTargetDependency */ = {
			isa = PBXTargetDependency;
			target = 93729E97252889610078478A /* Weather-OpenWeather */;
			targetProxy = 93729EB2252889640078478A /* PBXContainerItemProxy */;
		};
		93729EBE252889640078478A /* PBXTargetDependency */ = {
			isa = PBXTargetDependency;
			target = 93729E97252889610078478A /* Weather-OpenWeather */;
			targetProxy = 93729EBD252889640078478A /* PBXContainerItemProxy */;
		};
/* End PBXTargetDependency section */

/* Begin PBXVariantGroup section */
		93729EA1252889610078478A /* Main.storyboard */ = {
			isa = PBXVariantGroup;
			children = (
				93729EA2252889610078478A /* Base */,
			);
			name = Main.storyboard;
			sourceTree = "<group>";
		};
		93729EA9252889640078478A /* LaunchScreen.storyboard */ = {
			isa = PBXVariantGroup;
			children = (
				93729EAA252889640078478A /* Base */,
			);
			name = LaunchScreen.storyboard;
			sourceTree = "<group>";
		};
/* End PBXVariantGroup section */

/* Begin XCBuildConfiguration section */
		93729EC3252889640078478A /* Debug */ = {
			isa = XCBuildConfiguration;
			buildSettings = {
				ALWAYS_SEARCH_USER_PATHS = NO;
				CLANG_ANALYZER_NONNULL = YES;
				CLANG_ANALYZER_NUMBER_OBJECT_CONVERSION = YES_AGGRESSIVE;
				CLANG_CXX_LANGUAGE_STANDARD = "gnu++14";
				CLANG_CXX_LIBRARY = "libc++";
				CLANG_ENABLE_MODULES = YES;
				CLANG_ENABLE_OBJC_ARC = YES;
				CLANG_ENABLE_OBJC_WEAK = YES;
				CLANG_WARN_BLOCK_CAPTURE_AUTORELEASING = YES;
				CLANG_WARN_BOOL_CONVERSION = YES;
				CLANG_WARN_COMMA = YES;
				CLANG_WARN_CONSTANT_CONVERSION = YES;
				CLANG_WARN_DEPRECATED_OBJC_IMPLEMENTATIONS = YES;
				CLANG_WARN_DIRECT_OBJC_ISA_USAGE = YES_ERROR;
				CLANG_WARN_DOCUMENTATION_COMMENTS = YES;
				CLANG_WARN_EMPTY_BODY = YES;
				CLANG_WARN_ENUM_CONVERSION = YES;
				CLANG_WARN_INFINITE_RECURSION = YES;
				CLANG_WARN_INT_CONVERSION = YES;
				CLANG_WARN_NON_LITERAL_NULL_CONVERSION = YES;
				CLANG_WARN_OBJC_IMPLICIT_RETAIN_SELF = YES;
				CLANG_WARN_OBJC_LITERAL_CONVERSION = YES;
				CLANG_WARN_OBJC_ROOT_CLASS = YES_ERROR;
				CLANG_WARN_RANGE_LOOP_ANALYSIS = YES;
				CLANG_WARN_STRICT_PROTOTYPES = YES;
				CLANG_WARN_SUSPICIOUS_MOVE = YES;
				CLANG_WARN_UNGUARDED_AVAILABILITY = YES_AGGRESSIVE;
				CLANG_WARN_UNREACHABLE_CODE = YES;
				CLANG_WARN__DUPLICATE_METHOD_MATCH = YES;
				COPY_PHASE_STRIP = NO;
				DEBUG_INFORMATION_FORMAT = dwarf;
				ENABLE_STRICT_OBJC_MSGSEND = YES;
				ENABLE_TESTABILITY = YES;
				GCC_C_LANGUAGE_STANDARD = gnu11;
				GCC_DYNAMIC_NO_PIC = NO;
				GCC_NO_COMMON_BLOCKS = YES;
				GCC_OPTIMIZATION_LEVEL = 0;
				GCC_PREPROCESSOR_DEFINITIONS = (
					"DEBUG=1",
					"$(inherited)",
				);
				GCC_WARN_64_TO_32_BIT_CONVERSION = YES;
				GCC_WARN_ABOUT_RETURN_TYPE = YES_ERROR;
				GCC_WARN_UNDECLARED_SELECTOR = YES;
				GCC_WARN_UNINITIALIZED_AUTOS = YES_AGGRESSIVE;
				GCC_WARN_UNUSED_FUNCTION = YES;
				GCC_WARN_UNUSED_VARIABLE = YES;
				IPHONEOS_DEPLOYMENT_TARGET = 12.4;
				MTL_ENABLE_DEBUG_INFO = INCLUDE_SOURCE;
				MTL_FAST_MATH = YES;
				ONLY_ACTIVE_ARCH = YES;
				SDKROOT = iphoneos;
				SWIFT_ACTIVE_COMPILATION_CONDITIONS = DEBUG;
				SWIFT_OPTIMIZATION_LEVEL = "-Onone";
			};
			name = Debug;
		};
		93729EC4252889640078478A /* Release */ = {
			isa = XCBuildConfiguration;
			buildSettings = {
				ALWAYS_SEARCH_USER_PATHS = NO;
				CLANG_ANALYZER_NONNULL = YES;
				CLANG_ANALYZER_NUMBER_OBJECT_CONVERSION = YES_AGGRESSIVE;
				CLANG_CXX_LANGUAGE_STANDARD = "gnu++14";
				CLANG_CXX_LIBRARY = "libc++";
				CLANG_ENABLE_MODULES = YES;
				CLANG_ENABLE_OBJC_ARC = YES;
				CLANG_ENABLE_OBJC_WEAK = YES;
				CLANG_WARN_BLOCK_CAPTURE_AUTORELEASING = YES;
				CLANG_WARN_BOOL_CONVERSION = YES;
				CLANG_WARN_COMMA = YES;
				CLANG_WARN_CONSTANT_CONVERSION = YES;
				CLANG_WARN_DEPRECATED_OBJC_IMPLEMENTATIONS = YES;
				CLANG_WARN_DIRECT_OBJC_ISA_USAGE = YES_ERROR;
				CLANG_WARN_DOCUMENTATION_COMMENTS = YES;
				CLANG_WARN_EMPTY_BODY = YES;
				CLANG_WARN_ENUM_CONVERSION = YES;
				CLANG_WARN_INFINITE_RECURSION = YES;
				CLANG_WARN_INT_CONVERSION = YES;
				CLANG_WARN_NON_LITERAL_NULL_CONVERSION = YES;
				CLANG_WARN_OBJC_IMPLICIT_RETAIN_SELF = YES;
				CLANG_WARN_OBJC_LITERAL_CONVERSION = YES;
				CLANG_WARN_OBJC_ROOT_CLASS = YES_ERROR;
				CLANG_WARN_RANGE_LOOP_ANALYSIS = YES;
				CLANG_WARN_STRICT_PROTOTYPES = YES;
				CLANG_WARN_SUSPICIOUS_MOVE = YES;
				CLANG_WARN_UNGUARDED_AVAILABILITY = YES_AGGRESSIVE;
				CLANG_WARN_UNREACHABLE_CODE = YES;
				CLANG_WARN__DUPLICATE_METHOD_MATCH = YES;
				COPY_PHASE_STRIP = NO;
				DEBUG_INFORMATION_FORMAT = "dwarf-with-dsym";
				ENABLE_NS_ASSERTIONS = NO;
				ENABLE_STRICT_OBJC_MSGSEND = YES;
				GCC_C_LANGUAGE_STANDARD = gnu11;
				GCC_NO_COMMON_BLOCKS = YES;
				GCC_WARN_64_TO_32_BIT_CONVERSION = YES;
				GCC_WARN_ABOUT_RETURN_TYPE = YES_ERROR;
				GCC_WARN_UNDECLARED_SELECTOR = YES;
				GCC_WARN_UNINITIALIZED_AUTOS = YES_AGGRESSIVE;
				GCC_WARN_UNUSED_FUNCTION = YES;
				GCC_WARN_UNUSED_VARIABLE = YES;
				IPHONEOS_DEPLOYMENT_TARGET = 12.4;
				MTL_ENABLE_DEBUG_INFO = NO;
				MTL_FAST_MATH = YES;
				SDKROOT = iphoneos;
				SWIFT_COMPILATION_MODE = wholemodule;
				SWIFT_OPTIMIZATION_LEVEL = "-O";
				VALIDATE_PRODUCT = YES;
			};
			name = Release;
		};
		93729EC6252889640078478A /* Debug */ = {
			isa = XCBuildConfiguration;
			baseConfigurationReference = B567796FF08F62ED0C55FE68 /* Pods-Weather-OpenWeather.debug.xcconfig */;
			buildSettings = {
				ASSETCATALOG_COMPILER_APPICON_NAME = AppIcon;
				CODE_SIGN_IDENTITY = "Apple Development";
				CODE_SIGN_STYLE = Automatic;
				DEVELOPMENT_TEAM = P3MRZPZ844;
				INFOPLIST_FILE = "Weather-OpenWeather/Info.plist";
				LD_RUNPATH_SEARCH_PATHS = (
					"$(inherited)",
					"@executable_path/Frameworks",
				);
				PRODUCT_BUNDLE_IDENTIFIER = "com.Weather-OpenWeather";
				PRODUCT_NAME = "$(TARGET_NAME)";
				PROVISIONING_PROFILE_SPECIFIER = "";
				SWIFT_VERSION = 5.0;
				TARGETED_DEVICE_FAMILY = 1;
			};
			name = Debug;
		};
		93729EC7252889640078478A /* Release */ = {
			isa = XCBuildConfiguration;
			baseConfigurationReference = E4123994902F45E29BC948A1 /* Pods-Weather-OpenWeather.release.xcconfig */;
			buildSettings = {
				ASSETCATALOG_COMPILER_APPICON_NAME = AppIcon;
				CODE_SIGN_IDENTITY = "Apple Development";
				CODE_SIGN_STYLE = Automatic;
				DEVELOPMENT_TEAM = P3MRZPZ844;
				INFOPLIST_FILE = "Weather-OpenWeather/Info.plist";
				LD_RUNPATH_SEARCH_PATHS = (
					"$(inherited)",
					"@executable_path/Frameworks",
				);
				PRODUCT_BUNDLE_IDENTIFIER = "com.Weather-OpenWeather";
				PRODUCT_NAME = "$(TARGET_NAME)";
				PROVISIONING_PROFILE_SPECIFIER = "";
				SWIFT_VERSION = 5.0;
				TARGETED_DEVICE_FAMILY = 1;
			};
			name = Release;
		};
		93729EC9252889640078478A /* Debug */ = {
			isa = XCBuildConfiguration;
			baseConfigurationReference = 3D47C55E1350FB147C330B39 /* Pods-Weather-OpenWeatherTests.debug.xcconfig */;
			buildSettings = {
				ALWAYS_EMBED_SWIFT_STANDARD_LIBRARIES = YES;
				BUNDLE_LOADER = "$(TEST_HOST)";
				CODE_SIGN_STYLE = Automatic;
				DEVELOPMENT_TEAM = P3MRZPZ844;
				INFOPLIST_FILE = "Weather-OpenWeatherTests/Info.plist";
				IPHONEOS_DEPLOYMENT_TARGET = 12.4;
				LD_RUNPATH_SEARCH_PATHS = (
					"$(inherited)",
					"@executable_path/Frameworks",
					"@loader_path/Frameworks",
				);
				PRODUCT_BUNDLE_IDENTIFIER = "dee.Weather-OpenWeatherTests";
				PRODUCT_NAME = "$(TARGET_NAME)";
				SWIFT_VERSION = 5.0;
				TARGETED_DEVICE_FAMILY = "1,2";
				TEST_HOST = "$(BUILT_PRODUCTS_DIR)/Weather-OpenWeather.app/Weather-OpenWeather";
			};
			name = Debug;
		};
		93729ECA252889640078478A /* Release */ = {
			isa = XCBuildConfiguration;
			baseConfigurationReference = 8651DBDB610EAC13475745AF /* Pods-Weather-OpenWeatherTests.release.xcconfig */;
			buildSettings = {
				ALWAYS_EMBED_SWIFT_STANDARD_LIBRARIES = YES;
				BUNDLE_LOADER = "$(TEST_HOST)";
				CODE_SIGN_STYLE = Automatic;
				DEVELOPMENT_TEAM = P3MRZPZ844;
				INFOPLIST_FILE = "Weather-OpenWeatherTests/Info.plist";
				IPHONEOS_DEPLOYMENT_TARGET = 12.4;
				LD_RUNPATH_SEARCH_PATHS = (
					"$(inherited)",
					"@executable_path/Frameworks",
					"@loader_path/Frameworks",
				);
				PRODUCT_BUNDLE_IDENTIFIER = "dee.Weather-OpenWeatherTests";
				PRODUCT_NAME = "$(TARGET_NAME)";
				SWIFT_VERSION = 5.0;
				TARGETED_DEVICE_FAMILY = "1,2";
				TEST_HOST = "$(BUILT_PRODUCTS_DIR)/Weather-OpenWeather.app/Weather-OpenWeather";
			};
			name = Release;
		};
		93729ECC252889640078478A /* Debug */ = {
			isa = XCBuildConfiguration;
			baseConfigurationReference = 498AFFBEF68C1CDE6969C923 /* Pods-Weather-OpenWeather-Weather-OpenWeatherUITests.debug.xcconfig */;
			buildSettings = {
				ALWAYS_EMBED_SWIFT_STANDARD_LIBRARIES = YES;
				CODE_SIGN_STYLE = Automatic;
				DEVELOPMENT_TEAM = P3MRZPZ844;
				INFOPLIST_FILE = "Weather-OpenWeatherUITests/Info.plist";
				LD_RUNPATH_SEARCH_PATHS = (
					"$(inherited)",
					"@executable_path/Frameworks",
					"@loader_path/Frameworks",
				);
				PRODUCT_BUNDLE_IDENTIFIER = "dee.Weather-OpenWeatherUITests";
				PRODUCT_NAME = "$(TARGET_NAME)";
				SWIFT_VERSION = 5.0;
				TARGETED_DEVICE_FAMILY = "1,2";
				TEST_TARGET_NAME = "Weather-OpenWeather";
			};
			name = Debug;
		};
		93729ECD252889640078478A /* Release */ = {
			isa = XCBuildConfiguration;
			baseConfigurationReference = 9E7EFC6C4C25B5D0FF789079 /* Pods-Weather-OpenWeather-Weather-OpenWeatherUITests.release.xcconfig */;
			buildSettings = {
				ALWAYS_EMBED_SWIFT_STANDARD_LIBRARIES = YES;
				CODE_SIGN_STYLE = Automatic;
				DEVELOPMENT_TEAM = P3MRZPZ844;
				INFOPLIST_FILE = "Weather-OpenWeatherUITests/Info.plist";
				LD_RUNPATH_SEARCH_PATHS = (
					"$(inherited)",
					"@executable_path/Frameworks",
					"@loader_path/Frameworks",
				);
				PRODUCT_BUNDLE_IDENTIFIER = "dee.Weather-OpenWeatherUITests";
				PRODUCT_NAME = "$(TARGET_NAME)";
				SWIFT_VERSION = 5.0;
				TARGETED_DEVICE_FAMILY = "1,2";
				TEST_TARGET_NAME = "Weather-OpenWeather";
			};
			name = Release;
		};
/* End XCBuildConfiguration section */

/* Begin XCConfigurationList section */
		93729E93252889610078478A /* Build configuration list for PBXProject "Weather-OpenWeather" */ = {
			isa = XCConfigurationList;
			buildConfigurations = (
				93729EC3252889640078478A /* Debug */,
				93729EC4252889640078478A /* Release */,
			);
			defaultConfigurationIsVisible = 0;
			defaultConfigurationName = Release;
		};
		93729EC5252889640078478A /* Build configuration list for PBXNativeTarget "Weather-OpenWeather" */ = {
			isa = XCConfigurationList;
			buildConfigurations = (
				93729EC6252889640078478A /* Debug */,
				93729EC7252889640078478A /* Release */,
			);
			defaultConfigurationIsVisible = 0;
			defaultConfigurationName = Release;
		};
		93729EC8252889640078478A /* Build configuration list for PBXNativeTarget "Weather-OpenWeatherTests" */ = {
			isa = XCConfigurationList;
			buildConfigurations = (
				93729EC9252889640078478A /* Debug */,
				93729ECA252889640078478A /* Release */,
			);
			defaultConfigurationIsVisible = 0;
			defaultConfigurationName = Release;
		};
		93729ECB252889640078478A /* Build configuration list for PBXNativeTarget "Weather-OpenWeatherUITests" */ = {
			isa = XCConfigurationList;
			buildConfigurations = (
				93729ECC252889640078478A /* Debug */,
				93729ECD252889640078478A /* Release */,
			);
			defaultConfigurationIsVisible = 0;
			defaultConfigurationName = Release;
		};
/* End XCConfigurationList section */

/* Begin XCVersionGroup section */
		93729EA4252889610078478A /* Weather_OpenWeather.xcdatamodeld */ = {
			isa = XCVersionGroup;
			children = (
				93729EA5252889610078478A /* Weather_OpenWeather.xcdatamodel */,
			);
			currentVersion = 93729EA5252889610078478A /* Weather_OpenWeather.xcdatamodel */;
			path = Weather_OpenWeather.xcdatamodeld;
			sourceTree = "<group>";
			versionGroupType = wrapper.xcdatamodel;
		};
/* End XCVersionGroup section */
	};
	rootObject = 93729E90252889610078478A /* Project object */;
}
